
Microsoft Visual Studio Solution File, Format Version 12.00
# Visual Studio Version 17
VisualStudioVersion = 17.8.34525.116
MinimumVisualStudioVersion = 10.0.40219.1
Project("{FAE04EC0-301F-11D3-BF4B-00C04F79EFBC}") = "CardGame", "CardGame\CardGame.csproj", "{9CE43677-285D-45D4-A67C-D83B2D0D7C8F}"
EndProject
Project("{FAE04EC0-301F-11D3-BF4B-00C04F79EFBC}") = "CardGameLibrary", "CardGameLibrary\CardGameLibrary.csproj", "{EAEF079F-0E3F-4681-8E90-8325203F877F}"
EndProject
Global
	GlobalSection(SolutionConfigurationPlatforms) = preSolution
		Debug|Any CPU = Debug|Any CPU
		Release|Any CPU = Release|Any CPU
	EndGlobalSection
	GlobalSection(ProjectConfigurationPlatforms) = postSolution
		{9CE43677-285D-45D4-A67C-D83B2D0D7C8F}.Debug|Any CPU.ActiveCfg = Debug|Any CPU
		{9CE43677-285D-45D4-A67C-D83B2D0D7C8F}.Debug|Any CPU.Build.0 = Debug|Any CPU
		{9CE43677-285D-45D4-A67C-D83B2D0D7C8F}.Release|Any CPU.ActiveCfg = Release|Any CPU
		{9CE43677-285D-45D4-A67C-D83B2D0D7C8F}.Release|Any CPU.Build.0 = Release|Any CPU
		{EAEF079F-0E3F-4681-8E90-8325203F877F}.Debug|Any CPU.ActiveCfg = Debug|Any CPU
		{EAEF079F-0E3F-4681-8E90-8325203F877F}.Debug|Any CPU.Build.0 = Debug|Any CPU
		{EAEF079F-0E3F-4681-8E90-8325203F877F}.Release|Any CPU.ActiveCfg = Release|Any CPU
		{EAEF079F-0E3F-4681-8E90-8325203F877F}.Release|Any CPU.Build.0 = Release|Any CPU
	EndGlobalSection
	GlobalSection(SolutionProperties) = preSolution
		HideSolutionNode = FALSE
	EndGlobalSection
	GlobalSection(ExtensibilityGlobals) = postSolution
		SolutionGuid = {6F56FA5A-D433-4DBC-BA77-E9F43FB5166D}
	EndGlobalSection
EndGlobal
